
Microsoft Visual Studio Solution File, Format Version 12.00
# Visual Studio 15
VisualStudioVersion = 15.0.27130.2026
MinimumVisualStudioVersion = 10.0.40219.1
Project("{2150E333-8FDC-42A3-9474-1A3956D46DE8}") = "Common", "Common", "{C506405A-6258-4B9B-AAB8-95525F35AD0F}"
EndProject
Project("{2150E333-8FDC-42A3-9474-1A3956D46DE8}") = "Compiler", "Compiler", "{F92F327C-382C-44A8-9CF0-B378E98E5B16}"
EndProject
Project("{2150E333-8FDC-42A3-9474-1A3956D46DE8}") = "Services And Apps", "Services And Apps", "{AA39D964-C2BD-41DC-A025-956CE08358B2}"
EndProject
Project("{FAE04EC0-301F-11D3-BF4B-00C04F79EFBC}") = "Kitsune.Models", "Common\Kitsune.Models\Kitsune.Models.csproj", "{BEC55BAE-F341-4E82-B6AF-4CE1824AD917}"
EndProject
Project("{FAE04EC0-301F-11D3-BF4B-00C04F79EFBC}") = "Kitsune.Language", "Common\Kitsune.Language\Kitsune.Language.csproj", "{99409052-B7F9-4B7C-BDCF-9998D29DE87F}"
EndProject
Project("{FAE04EC0-301F-11D3-BF4B-00C04F79EFBC}") = "Kitsune.Helper", "Common\Kitsune.Helper\Kitsune.Helper.csproj", "{EBE8E394-AAB9-457E-84A2-B639F829F404}"
EndProject
Project("{FAE04EC0-301F-11D3-BF4B-00C04F79EFBC}") = "AntlrLibrary", "AntlrLibrary\AntlrLibrary.csproj", "{7014F884-D2CE-494C-99FB-DFAD0763517C}"
EndProject
Project("{FAE04EC0-301F-11D3-BF4B-00C04F79EFBC}") = "Kitsune.SyntaxParser", "Common\Kitsune.SyntaxParser\Kitsune.SyntaxParser.csproj", "{A8A71E24-434C-49C0-A85B-F23DDE1CD7BC}"
EndProject
Project("{FAE04EC0-301F-11D3-BF4B-00C04F79EFBC}") = "KitsuneDNSCheckerService", "KitsuneDNSCheckerService\KitsuneDNSCheckerService.csproj", "{356C479C-9A23-4045-8729-F7BAAC4747FC}"
EndProject
Project("{FAE04EC0-301F-11D3-BF4B-00C04F79EFBC}") = "AmazonAWSHelpers", "AmazonAWSHelpers\AmazonAWSHelpers.csproj", "{97172B78-1872-40CB-A8AA-E401E83A2F86}"
EndProject
Project("{FAE04EC0-301F-11D3-BF4B-00C04F79EFBC}") = "Logger", "Logger\Logger.csproj", "{3539BA42-6CF7-49D0-8CEB-16CC88E1D1E2}"
EndProject
Project("{2150E333-8FDC-42A3-9474-1A3956D46DE8}") = "Kitsune-Server", "Kitsune-Server", "{62CB62FE-3B6C-460D-94E1-B919E759A53D}"
EndProject
Project("{9A19103F-16F7-4668-BE54-9A1E7A4F7556}") = "Kitsune.API2", "Kitsune.API2\Kitsune.API2.csproj", "{3FEC5302-7D06-4CA9-BE68-613841FC7FB6}"
EndProject
Project("{9A19103F-16F7-4668-BE54-9A1E7A4F7556}") = "Kitsune.API.Model", "Kitsune.API.Model\Kitsune.API.Model.csproj", "{8775613A-4EF7-4351-BE03-8A6269EA8999}"
EndProject
Project("{2150E333-8FDC-42A3-9474-1A3956D46DE8}") = "KitsuneCrawler", "KitsuneCrawler", "{0F7EE78B-2DF7-4B49-AEE0-DA69B9E8F5D0}"
EndProject
Project("{9A19103F-16F7-4668-BE54-9A1E7A4F7556}") = "CrawlerTesting", "CrawlerTesting\CrawlerTesting.csproj", "{0BBE207E-167C-441F-A39C-2F0755EF99DC}"
EndProject
Project("{9A19103F-16F7-4668-BE54-9A1E7A4F7556}") = "AWS.Services", "AWS.Services\AWS.Services.csproj", "{AC484954-3F7C-438E-9D57-008AD015E8B8}"
EndProject
Project("{9A19103F-16F7-4668-BE54-9A1E7A4F7556}") = "KitsuneWebsiteCrawlerService", "KitsuneWebsiteCrawlerService\KitsuneWebsiteCrawlerService.csproj", "{B71CD94F-C765-4090-A351-22913E672E03}"
EndProject
Project("{9A19103F-16F7-4668-BE54-9A1E7A4F7556}") = "Crawler", "Crawler\Crawler.csproj", "{0406A6EB-05E1-4CE7-82B5-AE6278781A2C}"
EndProject
Project("{9A19103F-16F7-4668-BE54-9A1E7A4F7556}") = "Kitsune.Compiler", "Compiler\Kitsune.Compiler\Kitsune.Compiler.csproj", "{E176A2F5-243E-41CF-A820-D8D2030CB44A}"
EndProject
Project("{9A19103F-16F7-4668-BE54-9A1E7A4F7556}") = "Kitsune.Compiler.BuildService", "Kitsune.Compiler.BuildService\Kitsune.Compiler.BuildService.csproj", "{414BF49C-0D60-412F-BECB-13EB268BDFD3}"
EndProject
Project("{2150E333-8FDC-42A3-9474-1A3956D46DE8}") = "KitsunePlugins", "KitsunePlugins", "{39DA885A-40C2-4D81-A679-E12D3ACC96EE}"
EndProject
Project("{9A19103F-16F7-4668-BE54-9A1E7A4F7556}") = "Kitsune.BasePlugin", "KitsunePlugins\Kitsune.BasePlugin\Kitsune.BasePlugin.csproj", "{FE53075D-0DDB-496B-B681-F9FBA3807DE9}"
EndProject
Project("{9A19103F-16F7-4668-BE54-9A1E7A4F7556}") = "Kitsune.Constants", "Common\Kitsune.Constants\Kitsune.Constants.csproj", "{A11D51DD-8033-41C0-A3B0-7D848E9B83F0}"
EndProject
Project("{9A19103F-16F7-4668-BE54-9A1E7A4F7556}") = "Kitsune.Transpiler", "Kitsune.Transpiler\Kitsune.Transpiler.csproj", "{E824268D-5D0B-44C3-AA57-0BD3F4AD346A}"
EndProject
Global
	GlobalSection(SolutionConfigurationPlatforms) = preSolution
		Beta|Any CPU = Beta|Any CPU
		Debug|Any CPU = Debug|Any CPU
		Prod|Any CPU = Prod|Any CPU
		Production|Any CPU = Production|Any CPU
		Release|Any CPU = Release|Any CPU
	EndGlobalSection
	GlobalSection(ProjectConfigurationPlatforms) = postSolution
		{BEC55BAE-F341-4E82-B6AF-4CE1824AD917}.Beta|Any CPU.ActiveCfg = Release|Any CPU
		{BEC55BAE-F341-4E82-B6AF-4CE1824AD917}.Beta|Any CPU.Build.0 = Release|Any CPU
		{BEC55BAE-F341-4E82-B6AF-4CE1824AD917}.Debug|Any CPU.ActiveCfg = Debug|Any CPU
		{BEC55BAE-F341-4E82-B6AF-4CE1824AD917}.Debug|Any CPU.Build.0 = Debug|Any CPU
		{BEC55BAE-F341-4E82-B6AF-4CE1824AD917}.Prod|Any CPU.ActiveCfg = Release|Any CPU
		{BEC55BAE-F341-4E82-B6AF-4CE1824AD917}.Prod|Any CPU.Build.0 = Release|Any CPU
		{BEC55BAE-F341-4E82-B6AF-4CE1824AD917}.Production|Any CPU.ActiveCfg = Release|Any CPU
		{BEC55BAE-F341-4E82-B6AF-4CE1824AD917}.Production|Any CPU.Build.0 = Release|Any CPU
		{BEC55BAE-F341-4E82-B6AF-4CE1824AD917}.Release|Any CPU.ActiveCfg = Release|Any CPU
		{BEC55BAE-F341-4E82-B6AF-4CE1824AD917}.Release|Any CPU.Build.0 = Release|Any CPU
		{99409052-B7F9-4B7C-BDCF-9998D29DE87F}.Beta|Any CPU.ActiveCfg = Release|Any CPU
		{99409052-B7F9-4B7C-BDCF-9998D29DE87F}.Beta|Any CPU.Build.0 = Release|Any CPU
		{99409052-B7F9-4B7C-BDCF-9998D29DE87F}.Debug|Any CPU.ActiveCfg = Debug|Any CPU
		{99409052-B7F9-4B7C-BDCF-9998D29DE87F}.Debug|Any CPU.Build.0 = Debug|Any CPU
		{99409052-B7F9-4B7C-BDCF-9998D29DE87F}.Prod|Any CPU.ActiveCfg = Release|Any CPU
		{99409052-B7F9-4B7C-BDCF-9998D29DE87F}.Prod|Any CPU.Build.0 = Release|Any CPU
		{99409052-B7F9-4B7C-BDCF-9998D29DE87F}.Production|Any CPU.ActiveCfg = Release|Any CPU
		{99409052-B7F9-4B7C-BDCF-9998D29DE87F}.Production|Any CPU.Build.0 = Release|Any CPU
		{99409052-B7F9-4B7C-BDCF-9998D29DE87F}.Release|Any CPU.ActiveCfg = Release|Any CPU
		{99409052-B7F9-4B7C-BDCF-9998D29DE87F}.Release|Any CPU.Build.0 = Release|Any CPU
		{EBE8E394-AAB9-457E-84A2-B639F829F404}.Beta|Any CPU.ActiveCfg = Release|Any CPU
		{EBE8E394-AAB9-457E-84A2-B639F829F404}.Beta|Any CPU.Build.0 = Release|Any CPU
		{EBE8E394-AAB9-457E-84A2-B639F829F404}.Debug|Any CPU.ActiveCfg = Debug|Any CPU
		{EBE8E394-AAB9-457E-84A2-B639F829F404}.Debug|Any CPU.Build.0 = Debug|Any CPU
		{EBE8E394-AAB9-457E-84A2-B639F829F404}.Prod|Any CPU.ActiveCfg = Release|Any CPU
		{EBE8E394-AAB9-457E-84A2-B639F829F404}.Prod|Any CPU.Build.0 = Release|Any CPU
		{EBE8E394-AAB9-457E-84A2-B639F829F404}.Production|Any CPU.ActiveCfg = Release|Any CPU
		{EBE8E394-AAB9-457E-84A2-B639F829F404}.Production|Any CPU.Build.0 = Release|Any CPU
		{EBE8E394-AAB9-457E-84A2-B639F829F404}.Release|Any CPU.ActiveCfg = Release|Any CPU
		{EBE8E394-AAB9-457E-84A2-B639F829F404}.Release|Any CPU.Build.0 = Release|Any CPU
		{7014F884-D2CE-494C-99FB-DFAD0763517C}.Beta|Any CPU.ActiveCfg = Release|Any CPU
		{7014F884-D2CE-494C-99FB-DFAD0763517C}.Beta|Any CPU.Build.0 = Release|Any CPU
		{7014F884-D2CE-494C-99FB-DFAD0763517C}.Debug|Any CPU.ActiveCfg = Debug|Any CPU
		{7014F884-D2CE-494C-99FB-DFAD0763517C}.Debug|Any CPU.Build.0 = Debug|Any CPU
		{7014F884-D2CE-494C-99FB-DFAD0763517C}.Prod|Any CPU.ActiveCfg = Release|Any CPU
		{7014F884-D2CE-494C-99FB-DFAD0763517C}.Prod|Any CPU.Build.0 = Release|Any CPU
		{7014F884-D2CE-494C-99FB-DFAD0763517C}.Production|Any CPU.ActiveCfg = Release|Any CPU
		{7014F884-D2CE-494C-99FB-DFAD0763517C}.Production|Any CPU.Build.0 = Release|Any CPU
		{7014F884-D2CE-494C-99FB-DFAD0763517C}.Release|Any CPU.ActiveCfg = Release|Any CPU
		{7014F884-D2CE-494C-99FB-DFAD0763517C}.Release|Any CPU.Build.0 = Release|Any CPU
		{A8A71E24-434C-49C0-A85B-F23DDE1CD7BC}.Beta|Any CPU.ActiveCfg = Release|Any CPU
		{A8A71E24-434C-49C0-A85B-F23DDE1CD7BC}.Beta|Any CPU.Build.0 = Release|Any CPU
		{A8A71E24-434C-49C0-A85B-F23DDE1CD7BC}.Debug|Any CPU.ActiveCfg = Debug|Any CPU
		{A8A71E24-434C-49C0-A85B-F23DDE1CD7BC}.Debug|Any CPU.Build.0 = Debug|Any CPU
		{A8A71E24-434C-49C0-A85B-F23DDE1CD7BC}.Prod|Any CPU.ActiveCfg = Release|Any CPU
		{A8A71E24-434C-49C0-A85B-F23DDE1CD7BC}.Prod|Any CPU.Build.0 = Release|Any CPU
		{A8A71E24-434C-49C0-A85B-F23DDE1CD7BC}.Production|Any CPU.ActiveCfg = Release|Any CPU
		{A8A71E24-434C-49C0-A85B-F23DDE1CD7BC}.Production|Any CPU.Build.0 = Release|Any CPU
		{A8A71E24-434C-49C0-A85B-F23DDE1CD7BC}.Release|Any CPU.ActiveCfg = Release|Any CPU
		{A8A71E24-434C-49C0-A85B-F23DDE1CD7BC}.Release|Any CPU.Build.0 = Release|Any CPU
		{356C479C-9A23-4045-8729-F7BAAC4747FC}.Beta|Any CPU.ActiveCfg = Release|Any CPU
		{356C479C-9A23-4045-8729-F7BAAC4747FC}.Beta|Any CPU.Build.0 = Release|Any CPU
		{356C479C-9A23-4045-8729-F7BAAC4747FC}.Debug|Any CPU.ActiveCfg = Debug|Any CPU
		{356C479C-9A23-4045-8729-F7BAAC4747FC}.Debug|Any CPU.Build.0 = Debug|Any CPU
		{356C479C-9A23-4045-8729-F7BAAC4747FC}.Prod|Any CPU.ActiveCfg = Release|Any CPU
		{356C479C-9A23-4045-8729-F7BAAC4747FC}.Prod|Any CPU.Build.0 = Release|Any CPU
		{356C479C-9A23-4045-8729-F7BAAC4747FC}.Production|Any CPU.ActiveCfg = Release|Any CPU
		{356C479C-9A23-4045-8729-F7BAAC4747FC}.Production|Any CPU.Build.0 = Release|Any CPU
		{356C479C-9A23-4045-8729-F7BAAC4747FC}.Release|Any CPU.ActiveCfg = Release|Any CPU
		{356C479C-9A23-4045-8729-F7BAAC4747FC}.Release|Any CPU.Build.0 = Release|Any CPU
		{97172B78-1872-40CB-A8AA-E401E83A2F86}.Beta|Any CPU.ActiveCfg = Release|Any CPU
		{97172B78-1872-40CB-A8AA-E401E83A2F86}.Beta|Any CPU.Build.0 = Release|Any CPU
		{97172B78-1872-40CB-A8AA-E401E83A2F86}.Debug|Any CPU.ActiveCfg = Debug|Any CPU
		{97172B78-1872-40CB-A8AA-E401E83A2F86}.Debug|Any CPU.Build.0 = Debug|Any CPU
		{97172B78-1872-40CB-A8AA-E401E83A2F86}.Prod|Any CPU.ActiveCfg = Release|Any CPU
		{97172B78-1872-40CB-A8AA-E401E83A2F86}.Prod|Any CPU.Build.0 = Release|Any CPU
		{97172B78-1872-40CB-A8AA-E401E83A2F86}.Production|Any CPU.ActiveCfg = Release|Any CPU
		{97172B78-1872-40CB-A8AA-E401E83A2F86}.Production|Any CPU.Build.0 = Release|Any CPU
		{97172B78-1872-40CB-A8AA-E401E83A2F86}.Release|Any CPU.ActiveCfg = Release|Any CPU
		{97172B78-1872-40CB-A8AA-E401E83A2F86}.Release|Any CPU.Build.0 = Release|Any CPU
		{3539BA42-6CF7-49D0-8CEB-16CC88E1D1E2}.Beta|Any CPU.ActiveCfg = Release|Any CPU
		{3539BA42-6CF7-49D0-8CEB-16CC88E1D1E2}.Beta|Any CPU.Build.0 = Release|Any CPU
		{3539BA42-6CF7-49D0-8CEB-16CC88E1D1E2}.Debug|Any CPU.ActiveCfg = Debug|Any CPU
		{3539BA42-6CF7-49D0-8CEB-16CC88E1D1E2}.Debug|Any CPU.Build.0 = Debug|Any CPU
		{3539BA42-6CF7-49D0-8CEB-16CC88E1D1E2}.Prod|Any CPU.ActiveCfg = Release|Any CPU
		{3539BA42-6CF7-49D0-8CEB-16CC88E1D1E2}.Prod|Any CPU.Build.0 = Release|Any CPU
		{3539BA42-6CF7-49D0-8CEB-16CC88E1D1E2}.Production|Any CPU.ActiveCfg = Release|Any CPU
		{3539BA42-6CF7-49D0-8CEB-16CC88E1D1E2}.Production|Any CPU.Build.0 = Release|Any CPU
		{3539BA42-6CF7-49D0-8CEB-16CC88E1D1E2}.Release|Any CPU.ActiveCfg = Release|Any CPU
		{3539BA42-6CF7-49D0-8CEB-16CC88E1D1E2}.Release|Any CPU.Build.0 = Release|Any CPU
		{3FEC5302-7D06-4CA9-BE68-613841FC7FB6}.Beta|Any CPU.ActiveCfg = Release|Any CPU
		{3FEC5302-7D06-4CA9-BE68-613841FC7FB6}.Beta|Any CPU.Build.0 = Release|Any CPU
		{3FEC5302-7D06-4CA9-BE68-613841FC7FB6}.Debug|Any CPU.ActiveCfg = Debug|Any CPU
		{3FEC5302-7D06-4CA9-BE68-613841FC7FB6}.Debug|Any CPU.Build.0 = Debug|Any CPU
		{3FEC5302-7D06-4CA9-BE68-613841FC7FB6}.Prod|Any CPU.ActiveCfg = Debug|Any CPU
		{3FEC5302-7D06-4CA9-BE68-613841FC7FB6}.Prod|Any CPU.Build.0 = Debug|Any CPU
		{3FEC5302-7D06-4CA9-BE68-613841FC7FB6}.Production|Any CPU.ActiveCfg = Debug|Any CPU
		{3FEC5302-7D06-4CA9-BE68-613841FC7FB6}.Production|Any CPU.Build.0 = Debug|Any CPU
		{3FEC5302-7D06-4CA9-BE68-613841FC7FB6}.Release|Any CPU.ActiveCfg = Release|Any CPU
		{3FEC5302-7D06-4CA9-BE68-613841FC7FB6}.Release|Any CPU.Build.0 = Release|Any CPU
		{8775613A-4EF7-4351-BE03-8A6269EA8999}.Beta|Any CPU.ActiveCfg = Release|Any CPU
		{8775613A-4EF7-4351-BE03-8A6269EA8999}.Beta|Any CPU.Build.0 = Release|Any CPU
		{8775613A-4EF7-4351-BE03-8A6269EA8999}.Debug|Any CPU.ActiveCfg = Debug|Any CPU
		{8775613A-4EF7-4351-BE03-8A6269EA8999}.Debug|Any CPU.Build.0 = Debug|Any CPU
		{8775613A-4EF7-4351-BE03-8A6269EA8999}.Prod|Any CPU.ActiveCfg = Debug|Any CPU
		{8775613A-4EF7-4351-BE03-8A6269EA8999}.Prod|Any CPU.Build.0 = Debug|Any CPU
		{8775613A-4EF7-4351-BE03-8A6269EA8999}.Production|Any CPU.ActiveCfg = Debug|Any CPU
		{8775613A-4EF7-4351-BE03-8A6269EA8999}.Production|Any CPU.Build.0 = Debug|Any CPU
		{8775613A-4EF7-4351-BE03-8A6269EA8999}.Release|Any CPU.ActiveCfg = Release|Any CPU
		{8775613A-4EF7-4351-BE03-8A6269EA8999}.Release|Any CPU.Build.0 = Release|Any CPU
		{0BBE207E-167C-441F-A39C-2F0755EF99DC}.Beta|Any CPU.ActiveCfg = Release|Any CPU
		{0BBE207E-167C-441F-A39C-2F0755EF99DC}.Beta|Any CPU.Build.0 = Release|Any CPU
		{0BBE207E-167C-441F-A39C-2F0755EF99DC}.Debug|Any CPU.ActiveCfg = Debug|Any CPU
		{0BBE207E-167C-441F-A39C-2F0755EF99DC}.Debug|Any CPU.Build.0 = Debug|Any CPU
		{0BBE207E-167C-441F-A39C-2F0755EF99DC}.Prod|Any CPU.ActiveCfg = Debug|Any CPU
		{0BBE207E-167C-441F-A39C-2F0755EF99DC}.Prod|Any CPU.Build.0 = Debug|Any CPU
		{0BBE207E-167C-441F-A39C-2F0755EF99DC}.Production|Any CPU.ActiveCfg = Debug|Any CPU
		{0BBE207E-167C-441F-A39C-2F0755EF99DC}.Production|Any CPU.Build.0 = Debug|Any CPU
		{0BBE207E-167C-441F-A39C-2F0755EF99DC}.Release|Any CPU.ActiveCfg = Release|Any CPU
		{0BBE207E-167C-441F-A39C-2F0755EF99DC}.Release|Any CPU.Build.0 = Release|Any CPU
		{AC484954-3F7C-438E-9D57-008AD015E8B8}.Beta|Any CPU.ActiveCfg = Release|Any CPU
		{AC484954-3F7C-438E-9D57-008AD015E8B8}.Beta|Any CPU.Build.0 = Release|Any CPU
		{AC484954-3F7C-438E-9D57-008AD015E8B8}.Debug|Any CPU.ActiveCfg = Debug|Any CPU
		{AC484954-3F7C-438E-9D57-008AD015E8B8}.Debug|Any CPU.Build.0 = Debug|Any CPU
		{AC484954-3F7C-438E-9D57-008AD015E8B8}.Prod|Any CPU.ActiveCfg = Debug|Any CPU
		{AC484954-3F7C-438E-9D57-008AD015E8B8}.Prod|Any CPU.Build.0 = Debug|Any CPU
		{AC484954-3F7C-438E-9D57-008AD015E8B8}.Production|Any CPU.ActiveCfg = Debug|Any CPU
		{AC484954-3F7C-438E-9D57-008AD015E8B8}.Production|Any CPU.Build.0 = Debug|Any CPU
		{AC484954-3F7C-438E-9D57-008AD015E8B8}.Release|Any CPU.ActiveCfg = Release|Any CPU
		{AC484954-3F7C-438E-9D57-008AD015E8B8}.Release|Any CPU.Build.0 = Release|Any CPU
		{B71CD94F-C765-4090-A351-22913E672E03}.Beta|Any CPU.ActiveCfg = Release|Any CPU
		{B71CD94F-C765-4090-A351-22913E672E03}.Beta|Any CPU.Build.0 = Release|Any CPU
		{B71CD94F-C765-4090-A351-22913E672E03}.Debug|Any CPU.ActiveCfg = Debug|Any CPU
		{B71CD94F-C765-4090-A351-22913E672E03}.Debug|Any CPU.Build.0 = Debug|Any CPU
		{B71CD94F-C765-4090-A351-22913E672E03}.Prod|Any CPU.ActiveCfg = Debug|Any CPU
		{B71CD94F-C765-4090-A351-22913E672E03}.Prod|Any CPU.Build.0 = Debug|Any CPU
		{B71CD94F-C765-4090-A351-22913E672E03}.Production|Any CPU.ActiveCfg = Debug|Any CPU
		{B71CD94F-C765-4090-A351-22913E672E03}.Production|Any CPU.Build.0 = Debug|Any CPU
		{B71CD94F-C765-4090-A351-22913E672E03}.Release|Any CPU.ActiveCfg = Release|Any CPU
		{B71CD94F-C765-4090-A351-22913E672E03}.Release|Any CPU.Build.0 = Release|Any CPU
		{0406A6EB-05E1-4CE7-82B5-AE6278781A2C}.Beta|Any CPU.ActiveCfg = Release|Any CPU
		{0406A6EB-05E1-4CE7-82B5-AE6278781A2C}.Beta|Any CPU.Build.0 = Release|Any CPU
		{0406A6EB-05E1-4CE7-82B5-AE6278781A2C}.Debug|Any CPU.ActiveCfg = Debug|Any CPU
		{0406A6EB-05E1-4CE7-82B5-AE6278781A2C}.Debug|Any CPU.Build.0 = Debug|Any CPU
		{0406A6EB-05E1-4CE7-82B5-AE6278781A2C}.Prod|Any CPU.ActiveCfg = Debug|Any CPU
		{0406A6EB-05E1-4CE7-82B5-AE6278781A2C}.Prod|Any CPU.Build.0 = Debug|Any CPU
		{0406A6EB-05E1-4CE7-82B5-AE6278781A2C}.Production|Any CPU.ActiveCfg = Debug|Any CPU
		{0406A6EB-05E1-4CE7-82B5-AE6278781A2C}.Production|Any CPU.Build.0 = Debug|Any CPU
		{0406A6EB-05E1-4CE7-82B5-AE6278781A2C}.Release|Any CPU.ActiveCfg = Release|Any CPU
		{0406A6EB-05E1-4CE7-82B5-AE6278781A2C}.Release|Any CPU.Build.0 = Release|Any CPU
		{E176A2F5-243E-41CF-A820-D8D2030CB44A}.Beta|Any CPU.ActiveCfg = Release|Any CPU
		{E176A2F5-243E-41CF-A820-D8D2030CB44A}.Beta|Any CPU.Build.0 = Release|Any CPU
		{E176A2F5-243E-41CF-A820-D8D2030CB44A}.Debug|Any CPU.ActiveCfg = Debug|Any CPU
		{E176A2F5-243E-41CF-A820-D8D2030CB44A}.Debug|Any CPU.Build.0 = Debug|Any CPU
		{E176A2F5-243E-41CF-A820-D8D2030CB44A}.Prod|Any CPU.ActiveCfg = Debug|Any CPU
		{E176A2F5-243E-41CF-A820-D8D2030CB44A}.Prod|Any CPU.Build.0 = Debug|Any CPU
		{E176A2F5-243E-41CF-A820-D8D2030CB44A}.Production|Any CPU.ActiveCfg = Debug|Any CPU
		{E176A2F5-243E-41CF-A820-D8D2030CB44A}.Production|Any CPU.Build.0 = Debug|Any CPU
		{E176A2F5-243E-41CF-A820-D8D2030CB44A}.Release|Any CPU.ActiveCfg = Release|Any CPU
		{E176A2F5-243E-41CF-A820-D8D2030CB44A}.Release|Any CPU.Build.0 = Release|Any CPU
		{414BF49C-0D60-412F-BECB-13EB268BDFD3}.Beta|Any CPU.ActiveCfg = Release|Any CPU
		{414BF49C-0D60-412F-BECB-13EB268BDFD3}.Beta|Any CPU.Build.0 = Release|Any CPU
		{414BF49C-0D60-412F-BECB-13EB268BDFD3}.Debug|Any CPU.ActiveCfg = Debug|Any CPU
		{414BF49C-0D60-412F-BECB-13EB268BDFD3}.Debug|Any CPU.Build.0 = Debug|Any CPU
		{414BF49C-0D60-412F-BECB-13EB268BDFD3}.Prod|Any CPU.ActiveCfg = Debug|Any CPU
		{414BF49C-0D60-412F-BECB-13EB268BDFD3}.Prod|Any CPU.Build.0 = Debug|Any CPU
		{414BF49C-0D60-412F-BECB-13EB268BDFD3}.Production|Any CPU.ActiveCfg = Debug|Any CPU
		{414BF49C-0D60-412F-BECB-13EB268BDFD3}.Production|Any CPU.Build.0 = Debug|Any CPU
		{414BF49C-0D60-412F-BECB-13EB268BDFD3}.Release|Any CPU.ActiveCfg = Release|Any CPU
		{414BF49C-0D60-412F-BECB-13EB268BDFD3}.Release|Any CPU.Build.0 = Release|Any CPU
		{FE53075D-0DDB-496B-B681-F9FBA3807DE9}.Beta|Any CPU.ActiveCfg = Release|Any CPU
		{FE53075D-0DDB-496B-B681-F9FBA3807DE9}.Beta|Any CPU.Build.0 = Release|Any CPU
		{FE53075D-0DDB-496B-B681-F9FBA3807DE9}.Debug|Any CPU.ActiveCfg = Debug|Any CPU
		{FE53075D-0DDB-496B-B681-F9FBA3807DE9}.Debug|Any CPU.Build.0 = Debug|Any CPU
		{FE53075D-0DDB-496B-B681-F9FBA3807DE9}.Prod|Any CPU.ActiveCfg = Debug|Any CPU
		{FE53075D-0DDB-496B-B681-F9FBA3807DE9}.Prod|Any CPU.Build.0 = Debug|Any CPU
		{FE53075D-0DDB-496B-B681-F9FBA3807DE9}.Production|Any CPU.ActiveCfg = Debug|Any CPU
		{FE53075D-0DDB-496B-B681-F9FBA3807DE9}.Production|Any CPU.Build.0 = Debug|Any CPU
		{FE53075D-0DDB-496B-B681-F9FBA3807DE9}.Release|Any CPU.ActiveCfg = Release|Any CPU
		{FE53075D-0DDB-496B-B681-F9FBA3807DE9}.Release|Any CPU.Build.0 = Release|Any CPU
		{A11D51DD-8033-41C0-A3B0-7D848E9B83F0}.Beta|Any CPU.ActiveCfg = Release|Any CPU
		{A11D51DD-8033-41C0-A3B0-7D848E9B83F0}.Beta|Any CPU.Build.0 = Release|Any CPU
		{A11D51DD-8033-41C0-A3B0-7D848E9B83F0}.Debug|Any CPU.ActiveCfg = Debug|Any CPU
		{A11D51DD-8033-41C0-A3B0-7D848E9B83F0}.Debug|Any CPU.Build.0 = Debug|Any CPU
		{A11D51DD-8033-41C0-A3B0-7D848E9B83F0}.Prod|Any CPU.ActiveCfg = Debug|Any CPU
		{A11D51DD-8033-41C0-A3B0-7D848E9B83F0}.Prod|Any CPU.Build.0 = Debug|Any CPU
		{A11D51DD-8033-41C0-A3B0-7D848E9B83F0}.Production|Any CPU.ActiveCfg = Debug|Any CPU
		{A11D51DD-8033-41C0-A3B0-7D848E9B83F0}.Production|Any CPU.Build.0 = Debug|Any CPU
		{A11D51DD-8033-41C0-A3B0-7D848E9B83F0}.Release|Any CPU.ActiveCfg = Release|Any CPU
		{A11D51DD-8033-41C0-A3B0-7D848E9B83F0}.Release|Any CPU.Build.0 = Release|Any CPU
		{E824268D-5D0B-44C3-AA57-0BD3F4AD346A}.Beta|Any CPU.ActiveCfg = Release|Any CPU
		{E824268D-5D0B-44C3-AA57-0BD3F4AD346A}.Beta|Any CPU.Build.0 = Release|Any CPU
		{E824268D-5D0B-44C3-AA57-0BD3F4AD346A}.Debug|Any CPU.ActiveCfg = Debug|Any CPU
		{E824268D-5D0B-44C3-AA57-0BD3F4AD346A}.Debug|Any CPU.Build.0 = Debug|Any CPU
		{E824268D-5D0B-44C3-AA57-0BD3F4AD346A}.Prod|Any CPU.ActiveCfg = Debug|Any CPU
		{E824268D-5D0B-44C3-AA57-0BD3F4AD346A}.Prod|Any CPU.Build.0 = Debug|Any CPU
		{E824268D-5D0B-44C3-AA57-0BD3F4AD346A}.Production|Any CPU.ActiveCfg = Debug|Any CPU
		{E824268D-5D0B-44C3-AA57-0BD3F4AD346A}.Production|Any CPU.Build.0 = Debug|Any CPU
		{E824268D-5D0B-44C3-AA57-0BD3F4AD346A}.Release|Any CPU.ActiveCfg = Release|Any CPU
		{E824268D-5D0B-44C3-AA57-0BD3F4AD346A}.Release|Any CPU.Build.0 = Release|Any CPU
	EndGlobalSection
	GlobalSection(SolutionProperties) = preSolution
		HideSolutionNode = FALSE
	EndGlobalSection
	GlobalSection(NestedProjects) = preSolution
		{BEC55BAE-F341-4E82-B6AF-4CE1824AD917} = {C506405A-6258-4B9B-AAB8-95525F35AD0F}
		{99409052-B7F9-4B7C-BDCF-9998D29DE87F} = {62CB62FE-3B6C-460D-94E1-B919E759A53D}
		{EBE8E394-AAB9-457E-84A2-B639F829F404} = {C506405A-6258-4B9B-AAB8-95525F35AD0F}
		{7014F884-D2CE-494C-99FB-DFAD0763517C} = {62CB62FE-3B6C-460D-94E1-B919E759A53D}
		{A8A71E24-434C-49C0-A85B-F23DDE1CD7BC} = {62CB62FE-3B6C-460D-94E1-B919E759A53D}
		{356C479C-9A23-4045-8729-F7BAAC4747FC} = {AA39D964-C2BD-41DC-A025-956CE08358B2}
		{97172B78-1872-40CB-A8AA-E401E83A2F86} = {C506405A-6258-4B9B-AAB8-95525F35AD0F}
		{3539BA42-6CF7-49D0-8CEB-16CC88E1D1E2} = {C506405A-6258-4B9B-AAB8-95525F35AD0F}
		{3FEC5302-7D06-4CA9-BE68-613841FC7FB6} = {62CB62FE-3B6C-460D-94E1-B919E759A53D}
		{8775613A-4EF7-4351-BE03-8A6269EA8999} = {62CB62FE-3B6C-460D-94E1-B919E759A53D}
		{0F7EE78B-2DF7-4B49-AEE0-DA69B9E8F5D0} = {AA39D964-C2BD-41DC-A025-956CE08358B2}
		{0BBE207E-167C-441F-A39C-2F0755EF99DC} = {0F7EE78B-2DF7-4B49-AEE0-DA69B9E8F5D0}
		{AC484954-3F7C-438E-9D57-008AD015E8B8} = {62CB62FE-3B6C-460D-94E1-B919E759A53D}
		{B71CD94F-C765-4090-A351-22913E672E03} = {AA39D964-C2BD-41DC-A025-956CE08358B2}
		{0406A6EB-05E1-4CE7-82B5-AE6278781A2C} = {0F7EE78B-2DF7-4B49-AEE0-DA69B9E8F5D0}
		{E176A2F5-243E-41CF-A820-D8D2030CB44A} = {F92F327C-382C-44A8-9CF0-B378E98E5B16}
		{414BF49C-0D60-412F-BECB-13EB268BDFD3} = {AA39D964-C2BD-41DC-A025-956CE08358B2}
		{FE53075D-0DDB-496B-B681-F9FBA3807DE9} = {39DA885A-40C2-4D81-A679-E12D3ACC96EE}
		{A11D51DD-8033-41C0-A3B0-7D848E9B83F0} = {C506405A-6258-4B9B-AAB8-95525F35AD0F}
		{E824268D-5D0B-44C3-AA57-0BD3F4AD346A} = {AA39D964-C2BD-41DC-A025-956CE08358B2}
	EndGlobalSection
	GlobalSection(ExtensibilityGlobals) = postSolution
		SolutionGuid = {C9B63CA3-A451-4227-91E1-E98DE1CB8424}
	EndGlobalSection
EndGlobal
